
Microsoft Visual Studio Solution File, Format Version 12.00
# Visual Studio Version 17
VisualStudioVersion = 17.2.32630.192
MinimumVisualStudioVersion = 10.0.40219.1
Project("{FAE04EC0-301F-11D3-BF4B-00C04F79EFBC}") = "BoxCode", "BoxCode\BoxCode.csproj", "{7EE2D2DA-11E3-4B24-A689-D39952874B4B}"
EndProject
Project("{FAE04EC0-301F-11D3-BF4B-00C04F79EFBC}") = "BoxCode.DAL", "BoxCode.DAL\BoxCode.DAL.csproj", "{78C5B9E1-88F9-497E-9ED0-35794095BA72}"
EndProject
Project("{FAE04EC0-301F-11D3-BF4B-00C04F79EFBC}") = "BoxCode.BLL", "BoxCode.BLL\BoxCode.BLL.csproj", "{258D0D72-1D7E-4B0C-B267-E250955ED93D}"
EndProject
Project("{FAE04EC0-301F-11D3-BF4B-00C04F79EFBC}") = "BoxCode.Model", "BoxCode.Model\BoxCode.Model.csproj", "{829E4256-4B6E-4530-89FF-0D3AFFF4CEF2}"
EndProject
Global
	GlobalSection(SolutionConfigurationPlatforms) = preSolution
		Debug|Any CPU = Debug|Any CPU
		Release|Any CPU = Release|Any CPU
	EndGlobalSection
	GlobalSection(ProjectConfigurationPlatforms) = postSolution
		{7EE2D2DA-11E3-4B24-A689-D39952874B4B}.Debug|Any CPU.ActiveCfg = Debug|Any CPU
		{7EE2D2DA-11E3-4B24-A689-D39952874B4B}.Debug|Any CPU.Build.0 = Debug|Any CPU
		{7EE2D2DA-11E3-4B24-A689-D39952874B4B}.Release|Any CPU.ActiveCfg = Release|Any CPU
		{7EE2D2DA-11E3-4B24-A689-D39952874B4B}.Release|Any CPU.Build.0 = Release|Any CPU
		{78C5B9E1-88F9-497E-9ED0-35794095BA72}.Debug|Any CPU.ActiveCfg = Debug|Any CPU
		{78C5B9E1-88F9-497E-9ED0-35794095BA72}.Debug|Any CPU.Build.0 = Debug|Any CPU
		{78C5B9E1-88F9-497E-9ED0-35794095BA72}.Release|Any CPU.ActiveCfg = Release|Any CPU
		{78C5B9E1-88F9-497E-9ED0-35794095BA72}.Release|Any CPU.Build.0 = Release|Any CPU
		{258D0D72-1D7E-4B0C-B267-E250955ED93D}.Debug|Any CPU.ActiveCfg = Debug|Any CPU
		{258D0D72-1D7E-4B0C-B267-E250955ED93D}.Debug|Any CPU.Build.0 = Debug|Any CPU
		{258D0D72-1D7E-4B0C-B267-E250955ED93D}.Release|Any CPU.ActiveCfg = Release|Any CPU
		{258D0D72-1D7E-4B0C-B267-E250955ED93D}.Release|Any CPU.Build.0 = Release|Any CPU
		{829E4256-4B6E-4530-89FF-0D3AFFF4CEF2}.Debug|Any CPU.ActiveCfg = Debug|Any CPU
		{829E4256-4B6E-4530-89FF-0D3AFFF4CEF2}.Debug|Any CPU.Build.0 = Debug|Any CPU
		{829E4256-4B6E-4530-89FF-0D3AFFF4CEF2}.Release|Any CPU.ActiveCfg = Release|Any CPU
		{829E4256-4B6E-4530-89FF-0D3AFFF4CEF2}.Release|Any CPU.Build.0 = Release|Any CPU
	EndGlobalSection
	GlobalSection(SolutionProperties) = preSolution
		HideSolutionNode = FALSE
	EndGlobalSection
	GlobalSection(ExtensibilityGlobals) = postSolution
		SolutionGuid = {2A59A3EF-3FD4-4CB5-BA6F-4B3A6E649F38}
	EndGlobalSection
EndGlobal
